
Microsoft Visual Studio Solution File, Format Version 12.00
# Visual Studio 15
VisualStudioVersion = 15.0.27130.2027
MinimumVisualStudioVersion = 10.0.40219.1
Project("{FAE04EC0-301F-11D3-BF4B-00C04F79EFBC}") = "BinaryWriting", "BinaryWriting\BinaryWriting.csproj", "{9C7AC249-3887-4FE1-A3BE-9EF843551893}"
EndProject
Global
	GlobalSection(SolutionConfigurationPlatforms) = preSolution
		Debug|Any CPU = Debug|Any CPU
		Release|Any CPU = Release|Any CPU
	EndGlobalSection
	GlobalSection(ProjectConfigurationPlatforms) = postSolution
		{9C7AC249-3887-4FE1-A3BE-9EF843551893}.Debug|Any CPU.ActiveCfg = Debug|Any CPU
		{9C7AC249-3887-4FE1-A3BE-9EF843551893}.Debug|Any CPU.Build.0 = Debug|Any CPU
		{9C7AC249-3887-4FE1-A3BE-9EF843551893}.Release|Any CPU.ActiveCfg = Release|Any CPU
		{9C7AC249-3887-4FE1-A3BE-9EF843551893}.Release|Any CPU.Build.0 = Release|Any CPU
	EndGlobalSection
	GlobalSection(SolutionProperties) = preSolution
		HideSolutionNode = FALSE
	EndGlobalSection
	GlobalSection(ExtensibilityGlobals) = postSolution
		SolutionGuid = {D164C86C-7331-4304-B2EE-5F7D4AED7CED}
	EndGlobalSection
EndGlobal
